// !$*UTF8*$!
{
	archiveVersion = 1;
	classes = {
	};
	objectVersion = 56;
	objects = {

/* Begin PBXBuildFile section */
		5D713EAD2AE8FCCC00B9E9B8 /* KeychainSwift in Frameworks */ = {isa = PBXBuildFile; productRef = 5D713EAC2AE8FCCC00B9E9B8 /* KeychainSwift */; };
		5D713EAF2AE8FD2700B9E9B8 /* SecureDataProvider.swift in Sources */ = {isa = PBXBuildFile; fileRef = 5D713EAE2AE8FD2700B9E9B8 /* SecureDataProvider.swift */; };
		5D713EB32AE8FEB500B9E9B8 /* ApiProvider.swift in Sources */ = {isa = PBXBuildFile; fileRef = 5D713EB22AE8FEB500B9E9B8 /* ApiProvider.swift */; };
		5DF805E72AE8088B001CA7C9 /* AppDelegate.swift in Sources */ = {isa = PBXBuildFile; fileRef = 5DF805E62AE8088B001CA7C9 /* AppDelegate.swift */; };
		5DF805E92AE8088B001CA7C9 /* SceneDelegate.swift in Sources */ = {isa = PBXBuildFile; fileRef = 5DF805E82AE8088B001CA7C9 /* SceneDelegate.swift */; };
		5DF805EB2AE8088B001CA7C9 /* LoginViewController.swift in Sources */ = {isa = PBXBuildFile; fileRef = 5DF805EA2AE8088B001CA7C9 /* LoginViewController.swift */; };
		5DF805EE2AE8088B001CA7C9 /* Main.storyboard in Resources */ = {isa = PBXBuildFile; fileRef = 5DF805EC2AE8088B001CA7C9 /* Main.storyboard */; };
		5DF805F12AE8088B001CA7C9 /* DragonBall.xcdatamodeld in Sources */ = {isa = PBXBuildFile; fileRef = 5DF805EF2AE8088B001CA7C9 /* DragonBall.xcdatamodeld */; };
		5DF805F32AE8088D001CA7C9 /* Assets.xcassets in Resources */ = {isa = PBXBuildFile; fileRef = 5DF805F22AE8088D001CA7C9 /* Assets.xcassets */; };
		5DF805F62AE8088D001CA7C9 /* LaunchScreen.storyboard in Resources */ = {isa = PBXBuildFile; fileRef = 5DF805F42AE8088D001CA7C9 /* LaunchScreen.storyboard */; };
		5DF806012AE8088E001CA7C9 /* DragonBallTests.swift in Sources */ = {isa = PBXBuildFile; fileRef = 5DF806002AE8088E001CA7C9 /* DragonBallTests.swift */; };
		5DF8060B2AE8088E001CA7C9 /* DragonBallUITests.swift in Sources */ = {isa = PBXBuildFile; fileRef = 5DF8060A2AE8088E001CA7C9 /* DragonBallUITests.swift */; };
		5DF8060D2AE8088E001CA7C9 /* DragonBallUITestsLaunchTests.swift in Sources */ = {isa = PBXBuildFile; fileRef = 5DF8060C2AE8088E001CA7C9 /* DragonBallUITestsLaunchTests.swift */; };
		5DF806282AE8127F001CA7C9 /* LoginViewModel.swift in Sources */ = {isa = PBXBuildFile; fileRef = 5DF806272AE8127F001CA7C9 /* LoginViewModel.swift */; };
/* End PBXBuildFile section */

/* Begin PBXContainerItemProxy section */
		5DF805FD2AE8088E001CA7C9 /* PBXContainerItemProxy */ = {
			isa = PBXContainerItemProxy;
			containerPortal = 5DF805DB2AE8088B001CA7C9 /* Project object */;
			proxyType = 1;
			remoteGlobalIDString = 5DF805E22AE8088B001CA7C9;
			remoteInfo = DragonBall;
		};
		5DF806072AE8088E001CA7C9 /* PBXContainerItemProxy */ = {
			isa = PBXContainerItemProxy;
			containerPortal = 5DF805DB2AE8088B001CA7C9 /* Project object */;
			proxyType = 1;
			remoteGlobalIDString = 5DF805E22AE8088B001CA7C9;
			remoteInfo = DragonBall;
		};
/* End PBXContainerItemProxy section */

/* Begin PBXFileReference section */
		5D713EAE2AE8FD2700B9E9B8 /* SecureDataProvider.swift */ = {isa = PBXFileReference; lastKnownFileType = sourcecode.swift; path = SecureDataProvider.swift; sourceTree = "<group>"; };
		5D713EB22AE8FEB500B9E9B8 /* ApiProvider.swift */ = {isa = PBXFileReference; lastKnownFileType = sourcecode.swift; path = ApiProvider.swift; sourceTree = "<group>"; };
		5DF805E32AE8088B001CA7C9 /* DragonBall.app */ = {isa = PBXFileReference; explicitFileType = wrapper.application; includeInIndex = 0; path = DragonBall.app; sourceTree = BUILT_PRODUCTS_DIR; };
		5DF805E62AE8088B001CA7C9 /* AppDelegate.swift */ = {isa = PBXFileReference; lastKnownFileType = sourcecode.swift; path = AppDelegate.swift; sourceTree = "<group>"; };
		5DF805E82AE8088B001CA7C9 /* SceneDelegate.swift */ = {isa = PBXFileReference; lastKnownFileType = sourcecode.swift; path = SceneDelegate.swift; sourceTree = "<group>"; };
		5DF805EA2AE8088B001CA7C9 /* LoginViewController.swift */ = {isa = PBXFileReference; lastKnownFileType = sourcecode.swift; path = LoginViewController.swift; sourceTree = "<group>"; };
		5DF805ED2AE8088B001CA7C9 /* Base */ = {isa = PBXFileReference; lastKnownFileType = file.storyboard; name = Base; path = Base.lproj/Main.storyboard; sourceTree = "<group>"; };
		5DF805F02AE8088B001CA7C9 /* DragonBall.xcdatamodel */ = {isa = PBXFileReference; lastKnownFileType = wrapper.xcdatamodel; path = DragonBall.xcdatamodel; sourceTree = "<group>"; };
		5DF805F22AE8088D001CA7C9 /* Assets.xcassets */ = {isa = PBXFileReference; lastKnownFileType = folder.assetcatalog; path = Assets.xcassets; sourceTree = "<group>"; };
		5DF805F52AE8088D001CA7C9 /* Base */ = {isa = PBXFileReference; lastKnownFileType = file.storyboard; name = Base; path = Base.lproj/LaunchScreen.storyboard; sourceTree = "<group>"; };
		5DF805F72AE8088D001CA7C9 /* Info.plist */ = {isa = PBXFileReference; lastKnownFileType = text.plist.xml; path = Info.plist; sourceTree = "<group>"; };
		5DF805FC2AE8088E001CA7C9 /* DragonBallTests.xctest */ = {isa = PBXFileReference; explicitFileType = wrapper.cfbundle; includeInIndex = 0; path = DragonBallTests.xctest; sourceTree = BUILT_PRODUCTS_DIR; };
		5DF806002AE8088E001CA7C9 /* DragonBallTests.swift */ = {isa = PBXFileReference; lastKnownFileType = sourcecode.swift; path = DragonBallTests.swift; sourceTree = "<group>"; };
		5DF806062AE8088E001CA7C9 /* DragonBallUITests.xctest */ = {isa = PBXFileReference; explicitFileType = wrapper.cfbundle; includeInIndex = 0; path = DragonBallUITests.xctest; sourceTree = BUILT_PRODUCTS_DIR; };
		5DF8060A2AE8088E001CA7C9 /* DragonBallUITests.swift */ = {isa = PBXFileReference; lastKnownFileType = sourcecode.swift; path = DragonBallUITests.swift; sourceTree = "<group>"; };
		5DF8060C2AE8088E001CA7C9 /* DragonBallUITestsLaunchTests.swift */ = {isa = PBXFileReference; lastKnownFileType = sourcecode.swift; path = DragonBallUITestsLaunchTests.swift; sourceTree = "<group>"; };
		5DF806272AE8127F001CA7C9 /* LoginViewModel.swift */ = {isa = PBXFileReference; lastKnownFileType = sourcecode.swift; path = LoginViewModel.swift; sourceTree = "<group>"; };
/* End PBXFileReference section */

/* Begin PBXFrameworksBuildPhase section */
		5DF805E02AE8088B001CA7C9 /* Frameworks */ = {
			isa = PBXFrameworksBuildPhase;
			buildActionMask = 2147483647;
			files = (
				5D713EAD2AE8FCCC00B9E9B8 /* KeychainSwift in Frameworks */,
			);
			runOnlyForDeploymentPostprocessing = 0;
		};
		5DF805F92AE8088E001CA7C9 /* Frameworks */ = {
			isa = PBXFrameworksBuildPhase;
			buildActionMask = 2147483647;
			files = (
			);
			runOnlyForDeploymentPostprocessing = 0;
		};
		5DF806032AE8088E001CA7C9 /* Frameworks */ = {
			isa = PBXFrameworksBuildPhase;
			buildActionMask = 2147483647;
			files = (
			);
			runOnlyForDeploymentPostprocessing = 0;
		};
/* End PBXFrameworksBuildPhase section */

/* Begin PBXGroup section */
		5DF805DA2AE8088B001CA7C9 = {
			isa = PBXGroup;
			children = (
				5DF805E52AE8088B001CA7C9 /* DragonBall */,
				5DF805FF2AE8088E001CA7C9 /* DragonBallTests */,
				5DF806092AE8088E001CA7C9 /* DragonBallUITests */,
				5DF805E42AE8088B001CA7C9 /* Products */,
			);
			sourceTree = "<group>";
		};
		5DF805E42AE8088B001CA7C9 /* Products */ = {
			isa = PBXGroup;
			children = (
				5DF805E32AE8088B001CA7C9 /* DragonBall.app */,
				5DF805FC2AE8088E001CA7C9 /* DragonBallTests.xctest */,
				5DF806062AE8088E001CA7C9 /* DragonBallUITests.xctest */,
			);
			name = Products;
			sourceTree = "<group>";
		};
		5DF805E52AE8088B001CA7C9 /* DragonBall */ = {
			isa = PBXGroup;
			children = (
				5DF805E62AE8088B001CA7C9 /* AppDelegate.swift */,
				5DF805E82AE8088B001CA7C9 /* SceneDelegate.swift */,
				5DF805F72AE8088D001CA7C9 /* Info.plist */,
				5DF8061C2AE808CF001CA7C9 /* Data */,
				5DF8061B2AE808CA001CA7C9 /* Resources */,
				5DF806192AE808BA001CA7C9 /* Presentation */,
			);
			path = DragonBall;
			sourceTree = "<group>";
		};
		5DF805FF2AE8088E001CA7C9 /* DragonBallTests */ = {
			isa = PBXGroup;
			children = (
				5DF806002AE8088E001CA7C9 /* DragonBallTests.swift */,
			);
			path = DragonBallTests;
			sourceTree = "<group>";
		};
		5DF806092AE8088E001CA7C9 /* DragonBallUITests */ = {
			isa = PBXGroup;
			children = (
				5DF8060A2AE8088E001CA7C9 /* DragonBallUITests.swift */,
				5DF8060C2AE8088E001CA7C9 /* DragonBallUITestsLaunchTests.swift */,
			);
			path = DragonBallUITests;
			sourceTree = "<group>";
		};
		5DF806192AE808BA001CA7C9 /* Presentation */ = {
			isa = PBXGroup;
			children = (
				5DF805EC2AE8088B001CA7C9 /* Main.storyboard */,
				5DF806232AE80953001CA7C9 /* Launch */,
				5DF806252AE80992001CA7C9 /* Login */,
			);
			path = Presentation;
			sourceTree = "<group>";
		};
		5DF8061B2AE808CA001CA7C9 /* Resources */ = {
			isa = PBXGroup;
			children = (
				5DF805F22AE8088D001CA7C9 /* Assets.xcassets */,
			);
			path = Resources;
			sourceTree = "<group>";
		};
		5DF8061C2AE808CF001CA7C9 /* Data */ = {
			isa = PBXGroup;
			children = (
				5DF806202AE8092F001CA7C9 /* Api */,
				5DF8061F2AE8092B001CA7C9 /* Local */,
			);
			path = Data;
			sourceTree = "<group>";
		};
		5DF8061F2AE8092B001CA7C9 /* Local */ = {
			isa = PBXGroup;
			children = (
				5DF805EF2AE8088B001CA7C9 /* DragonBall.xcdatamodeld */,
				5D713EAE2AE8FD2700B9E9B8 /* SecureDataProvider.swift */,
			);
			path = Local;
			sourceTree = "<group>";
		};
		5DF806202AE8092F001CA7C9 /* Api */ = {
			isa = PBXGroup;
			children = (
				5D713EB22AE8FEB500B9E9B8 /* ApiProvider.swift */,
			);
			path = Api;
			sourceTree = "<group>";
		};
		5DF806232AE80953001CA7C9 /* Launch */ = {
			isa = PBXGroup;
			children = (
				5DF805F42AE8088D001CA7C9 /* LaunchScreen.storyboard */,
			);
			path = Launch;
			sourceTree = "<group>";
		};
		5DF806252AE80992001CA7C9 /* Login */ = {
			isa = PBXGroup;
			children = (
				5DF805EA2AE8088B001CA7C9 /* LoginViewController.swift */,
				5DF806272AE8127F001CA7C9 /* LoginViewModel.swift */,
			);
			path = Login;
			sourceTree = "<group>";
		};
/* End PBXGroup section */

/* Begin PBXNativeTarget section */
		5DF805E22AE8088B001CA7C9 /* DragonBall */ = {
			isa = PBXNativeTarget;
			buildConfigurationList = 5DF806102AE8088E001CA7C9 /* Build configuration list for PBXNativeTarget "DragonBall" */;
			buildPhases = (
				5DF805DF2AE8088B001CA7C9 /* Sources */,
				5DF805E02AE8088B001CA7C9 /* Frameworks */,
				5DF805E12AE8088B001CA7C9 /* Resources */,
			);
			buildRules = (
			);
			dependencies = (
			);
			name = DragonBall;
			packageProductDependencies = (
				5D713EAC2AE8FCCC00B9E9B8 /* KeychainSwift */,
			);
			productName = DragonBall;
			productReference = 5DF805E32AE8088B001CA7C9 /* DragonBall.app */;
			productType = "com.apple.product-type.application";
		};
		5DF805FB2AE8088E001CA7C9 /* DragonBallTests */ = {
			isa = PBXNativeTarget;
			buildConfigurationList = 5DF806132AE8088E001CA7C9 /* Build configuration list for PBXNativeTarget "DragonBallTests" */;
			buildPhases = (
				5DF805F82AE8088E001CA7C9 /* Sources */,
				5DF805F92AE8088E001CA7C9 /* Frameworks */,
				5DF805FA2AE8088E001CA7C9 /* Resources */,
			);
			buildRules = (
			);
			dependencies = (
				5DF805FE2AE8088E001CA7C9 /* PBXTargetDependency */,
			);
			name = DragonBallTests;
			productName = DragonBallTests;
			productReference = 5DF805FC2AE8088E001CA7C9 /* DragonBallTests.xctest */;
			productType = "com.apple.product-type.bundle.unit-test";
		};
		5DF806052AE8088E001CA7C9 /* DragonBallUITests */ = {
			isa = PBXNativeTarget;
			buildConfigurationList = 5DF806162AE8088E001CA7C9 /* Build configuration list for PBXNativeTarget "DragonBallUITests" */;
			buildPhases = (
				5DF806022AE8088E001CA7C9 /* Sources */,
				5DF806032AE8088E001CA7C9 /* Frameworks */,
				5DF806042AE8088E001CA7C9 /* Resources */,
			);
			buildRules = (
			);
			dependencies = (
				5DF806082AE8088E001CA7C9 /* PBXTargetDependency */,
			);
			name = DragonBallUITests;
			productName = DragonBallUITests;
			productReference = 5DF806062AE8088E001CA7C9 /* DragonBallUITests.xctest */;
			productType = "com.apple.product-type.bundle.ui-testing";
		};
/* End PBXNativeTarget section */

/* Begin PBXProject section */
		5DF805DB2AE8088B001CA7C9 /* Project object */ = {
			isa = PBXProject;
			attributes = {
				BuildIndependentTargetsInParallel = 1;
				LastSwiftUpdateCheck = 1500;
				LastUpgradeCheck = 1500;
				TargetAttributes = {
					5DF805E22AE8088B001CA7C9 = {
						CreatedOnToolsVersion = 15.0.1;
					};
					5DF805FB2AE8088E001CA7C9 = {
						CreatedOnToolsVersion = 15.0.1;
						TestTargetID = 5DF805E22AE8088B001CA7C9;
					};
					5DF806052AE8088E001CA7C9 = {
						CreatedOnToolsVersion = 15.0.1;
						TestTargetID = 5DF805E22AE8088B001CA7C9;
					};
				};
			};
			buildConfigurationList = 5DF805DE2AE8088B001CA7C9 /* Build configuration list for PBXProject "DragonBall" */;
			compatibilityVersion = "Xcode 14.0";
			developmentRegion = en;
			hasScannedForEncodings = 0;
			knownRegions = (
				en,
				Base,
			);
			mainGroup = 5DF805DA2AE8088B001CA7C9;
			packageReferences = (
				5D713EAB2AE8FCCC00B9E9B8 /* XCRemoteSwiftPackageReference "keychain-swift" */,
			);
			productRefGroup = 5DF805E42AE8088B001CA7C9 /* Products */;
			projectDirPath = "";
			projectRoot = "";
			targets = (
				5DF805E22AE8088B001CA7C9 /* DragonBall */,
				5DF805FB2AE8088E001CA7C9 /* DragonBallTests */,
				5DF806052AE8088E001CA7C9 /* DragonBallUITests */,
			);
		};
/* End PBXProject section */

/* Begin PBXResourcesBuildPhase section */
		5DF805E12AE8088B001CA7C9 /* Resources */ = {
			isa = PBXResourcesBuildPhase;
			buildActionMask = 2147483647;
			files = (
				5DF805F62AE8088D001CA7C9 /* LaunchScreen.storyboard in Resources */,
				5DF805F32AE8088D001CA7C9 /* Assets.xcassets in Resources */,
				5DF805EE2AE8088B001CA7C9 /* Main.storyboard in Resources */,
			);
			runOnlyForDeploymentPostprocessing = 0;
		};
		5DF805FA2AE8088E001CA7C9 /* Resources */ = {
			isa = PBXResourcesBuildPhase;
			buildActionMask = 2147483647;
			files = (
			);
			runOnlyForDeploymentPostprocessing = 0;
		};
		5DF806042AE8088E001CA7C9 /* Resources */ = {
			isa = PBXResourcesBuildPhase;
			buildActionMask = 2147483647;
			files = (
			);
			runOnlyForDeploymentPostprocessing = 0;
		};
/* End PBXResourcesBuildPhase section */

/* Begin PBXSourcesBuildPhase section */
		5DF805DF2AE8088B001CA7C9 /* Sources */ = {
			isa = PBXSourcesBuildPhase;
			buildActionMask = 2147483647;
			files = (
				5DF805EB2AE8088B001CA7C9 /* LoginViewController.swift in Sources */,
				5DF805F12AE8088B001CA7C9 /* DragonBall.xcdatamodeld in Sources */,
				5DF805E72AE8088B001CA7C9 /* AppDelegate.swift in Sources */,
				5DF806282AE8127F001CA7C9 /* LoginViewModel.swift in Sources */,
				5D713EAF2AE8FD2700B9E9B8 /* SecureDataProvider.swift in Sources */,
				5D713EB32AE8FEB500B9E9B8 /* ApiProvider.swift in Sources */,
				5DF805E92AE8088B001CA7C9 /* SceneDelegate.swift in Sources */,
			);
			runOnlyForDeploymentPostprocessing = 0;
		};
		5DF805F82AE8088E001CA7C9 /* Sources */ = {
			isa = PBXSourcesBuildPhase;
			buildActionMask = 2147483647;
			files = (
				5DF806012AE8088E001CA7C9 /* DragonBallTests.swift in Sources */,
			);
			runOnlyForDeploymentPostprocessing = 0;
		};
		5DF806022AE8088E001CA7C9 /* Sources */ = {
			isa = PBXSourcesBuildPhase;
			buildActionMask = 2147483647;
			files = (
				5DF8060D2AE8088E001CA7C9 /* DragonBallUITestsLaunchTests.swift in Sources */,
				5DF8060B2AE8088E001CA7C9 /* DragonBallUITests.swift in Sources */,
			);
			runOnlyForDeploymentPostprocessing = 0;
		};
/* End PBXSourcesBuildPhase section */

/* Begin PBXTargetDependency section */
		5DF805FE2AE8088E001CA7C9 /* PBXTargetDependency */ = {
			isa = PBXTargetDependency;
			target = 5DF805E22AE8088B001CA7C9 /* DragonBall */;
			targetProxy = 5DF805FD2AE8088E001CA7C9 /* PBXContainerItemProxy */;
		};
		5DF806082AE8088E001CA7C9 /* PBXTargetDependency */ = {
			isa = PBXTargetDependency;
			target = 5DF805E22AE8088B001CA7C9 /* DragonBall */;
			targetProxy = 5DF806072AE8088E001CA7C9 /* PBXContainerItemProxy */;
		};
/* End PBXTargetDependency section */

/* Begin PBXVariantGroup section */
		5DF805EC2AE8088B001CA7C9 /* Main.storyboard */ = {
			isa = PBXVariantGroup;
			children = (
				5DF805ED2AE8088B001CA7C9 /* Base */,
			);
			name = Main.storyboard;
			sourceTree = "<group>";
		};
		5DF805F42AE8088D001CA7C9 /* LaunchScreen.storyboard */ = {
			isa = PBXVariantGroup;
			children = (
				5DF805F52AE8088D001CA7C9 /* Base */,
			);
			name = LaunchScreen.storyboard;
			sourceTree = "<group>";
		};
/* End PBXVariantGroup section */

/* Begin XCBuildConfiguration section */
		5DF8060E2AE8088E001CA7C9 /* Debug */ = {
			isa = XCBuildConfiguration;
			buildSettings = {
				ALWAYS_SEARCH_USER_PATHS = NO;
				ASSETCATALOG_COMPILER_GENERATE_SWIFT_ASSET_SYMBOL_EXTENSIONS = YES;
				CLANG_ANALYZER_NONNULL = YES;
				CLANG_ANALYZER_NUMBER_OBJECT_CONVERSION = YES_AGGRESSIVE;
				CLANG_CXX_LANGUAGE_STANDARD = "gnu++20";
				CLANG_ENABLE_MODULES = YES;
				CLANG_ENABLE_OBJC_ARC = YES;
				CLANG_ENABLE_OBJC_WEAK = YES;
				CLANG_WARN_BLOCK_CAPTURE_AUTORELEASING = YES;
				CLANG_WARN_BOOL_CONVERSION = YES;
				CLANG_WARN_COMMA = YES;
				CLANG_WARN_CONSTANT_CONVERSION = YES;
				CLANG_WARN_DEPRECATED_OBJC_IMPLEMENTATIONS = YES;
				CLANG_WARN_DIRECT_OBJC_ISA_USAGE = YES_ERROR;
				CLANG_WARN_DOCUMENTATION_COMMENTS = YES;
				CLANG_WARN_EMPTY_BODY = YES;
				CLANG_WARN_ENUM_CONVERSION = YES;
				CLANG_WARN_INFINITE_RECURSION = YES;
				CLANG_WARN_INT_CONVERSION = YES;
				CLANG_WARN_NON_LITERAL_NULL_CONVERSION = YES;
				CLANG_WARN_OBJC_IMPLICIT_RETAIN_SELF = YES;
				CLANG_WARN_OBJC_LITERAL_CONVERSION = YES;
				CLANG_WARN_OBJC_ROOT_CLASS = YES_ERROR;
				CLANG_WARN_QUOTED_INCLUDE_IN_FRAMEWORK_HEADER = YES;
				CLANG_WARN_RANGE_LOOP_ANALYSIS = YES;
				CLANG_WARN_STRICT_PROTOTYPES = YES;
				CLANG_WARN_SUSPICIOUS_MOVE = YES;
				CLANG_WARN_UNGUARDED_AVAILABILITY = YES_AGGRESSIVE;
				CLANG_WARN_UNREACHABLE_CODE = YES;
				CLANG_WARN__DUPLICATE_METHOD_MATCH = YES;
				COPY_PHASE_STRIP = NO;
				DEBUG_INFORMATION_FORMAT = dwarf;
				ENABLE_STRICT_OBJC_MSGSEND = YES;
				ENABLE_TESTABILITY = YES;
				ENABLE_USER_SCRIPT_SANDBOXING = YES;
				GCC_C_LANGUAGE_STANDARD = gnu17;
				GCC_DYNAMIC_NO_PIC = NO;
				GCC_NO_COMMON_BLOCKS = YES;
				GCC_OPTIMIZATION_LEVEL = 0;
				GCC_PREPROCESSOR_DEFINITIONS = (
					"DEBUG=1",
					"$(inherited)",
				);
				GCC_WARN_64_TO_32_BIT_CONVERSION = YES;
				GCC_WARN_ABOUT_RETURN_TYPE = YES_ERROR;
				GCC_WARN_UNDECLARED_SELECTOR = YES;
				GCC_WARN_UNINITIALIZED_AUTOS = YES_AGGRESSIVE;
				GCC_WARN_UNUSED_FUNCTION = YES;
				GCC_WARN_UNUSED_VARIABLE = YES;
				IPHONEOS_DEPLOYMENT_TARGET = 17.0;
				LOCALIZATION_PREFERS_STRING_CATALOGS = YES;
				MTL_ENABLE_DEBUG_INFO = INCLUDE_SOURCE;
				MTL_FAST_MATH = YES;
				ONLY_ACTIVE_ARCH = YES;
				SDKROOT = iphoneos;
				SWIFT_ACTIVE_COMPILATION_CONDITIONS = "DEBUG $(inherited)";
				SWIFT_OPTIMIZATION_LEVEL = "-Onone";
			};
			name = Debug;
		};
		5DF8060F2AE8088E001CA7C9 /* Release */ = {
			isa = XCBuildConfiguration;
			buildSettings = {
				ALWAYS_SEARCH_USER_PATHS = NO;
				ASSETCATALOG_COMPILER_GENERATE_SWIFT_ASSET_SYMBOL_EXTENSIONS = YES;
				CLANG_ANALYZER_NONNULL = YES;
				CLANG_ANALYZER_NUMBER_OBJECT_CONVERSION = YES_AGGRESSIVE;
				CLANG_CXX_LANGUAGE_STANDARD = "gnu++20";
				CLANG_ENABLE_MODULES = YES;
				CLANG_ENABLE_OBJC_ARC = YES;
				CLANG_ENABLE_OBJC_WEAK = YES;
				CLANG_WARN_BLOCK_CAPTURE_AUTORELEASING = YES;
				CLANG_WARN_BOOL_CONVERSION = YES;
				CLANG_WARN_COMMA = YES;
				CLANG_WARN_CONSTANT_CONVERSION = YES;
				CLANG_WARN_DEPRECATED_OBJC_IMPLEMENTATIONS = YES;
				CLANG_WARN_DIRECT_OBJC_ISA_USAGE = YES_ERROR;
				CLANG_WARN_DOCUMENTATION_COMMENTS = YES;
				CLANG_WARN_EMPTY_BODY = YES;
				CLANG_WARN_ENUM_CONVERSION = YES;
				CLANG_WARN_INFINITE_RECURSION = YES;
				CLANG_WARN_INT_CONVERSION = YES;
				CLANG_WARN_NON_LITERAL_NULL_CONVERSION = YES;
				CLANG_WARN_OBJC_IMPLICIT_RETAIN_SELF = YES;
				CLANG_WARN_OBJC_LITERAL_CONVERSION = YES;
				CLANG_WARN_OBJC_ROOT_CLASS = YES_ERROR;
				CLANG_WARN_QUOTED_INCLUDE_IN_FRAMEWORK_HEADER = YES;
				CLANG_WARN_RANGE_LOOP_ANALYSIS = YES;
				CLANG_WARN_STRICT_PROTOTYPES = YES;
				CLANG_WARN_SUSPICIOUS_MOVE = YES;
				CLANG_WARN_UNGUARDED_AVAILABILITY = YES_AGGRESSIVE;
				CLANG_WARN_UNREACHABLE_CODE = YES;
				CLANG_WARN__DUPLICATE_METHOD_MATCH = YES;
				COPY_PHASE_STRIP = NO;
				DEBUG_INFORMATION_FORMAT = "dwarf-with-dsym";
				ENABLE_NS_ASSERTIONS = NO;
				ENABLE_STRICT_OBJC_MSGSEND = YES;
				ENABLE_USER_SCRIPT_SANDBOXING = YES;
				GCC_C_LANGUAGE_STANDARD = gnu17;
				GCC_NO_COMMON_BLOCKS = YES;
				GCC_WARN_64_TO_32_BIT_CONVERSION = YES;
				GCC_WARN_ABOUT_RETURN_TYPE = YES_ERROR;
				GCC_WARN_UNDECLARED_SELECTOR = YES;
				GCC_WARN_UNINITIALIZED_AUTOS = YES_AGGRESSIVE;
				GCC_WARN_UNUSED_FUNCTION = YES;
				GCC_WARN_UNUSED_VARIABLE = YES;
				IPHONEOS_DEPLOYMENT_TARGET = 17.0;
				LOCALIZATION_PREFERS_STRING_CATALOGS = YES;
				MTL_ENABLE_DEBUG_INFO = NO;
				MTL_FAST_MATH = YES;
				SDKROOT = iphoneos;
				SWIFT_COMPILATION_MODE = wholemodule;
				VALIDATE_PRODUCT = YES;
			};
			name = Release;
		};
		5DF806112AE8088E001CA7C9 /* Debug */ = {
			isa = XCBuildConfiguration;
			buildSettings = {
				ASSETCATALOG_COMPILER_APPICON_NAME = AppIcon;
				ASSETCATALOG_COMPILER_GLOBAL_ACCENT_COLOR_NAME = AccentColor;
				CODE_SIGN_STYLE = Automatic;
				CURRENT_PROJECT_VERSION = 1;
				DEVELOPMENT_TEAM = 9GK3478S4Z;
				GENERATE_INFOPLIST_FILE = YES;
				INFOPLIST_FILE = DragonBall/Info.plist;
				INFOPLIST_KEY_UIApplicationSupportsIndirectInputEvents = YES;
				INFOPLIST_KEY_UILaunchStoryboardName = LaunchScreen;
				INFOPLIST_KEY_UIMainStoryboardFile = Main;
				INFOPLIST_KEY_UISupportedInterfaceOrientations_iPad = "UIInterfaceOrientationPortrait UIInterfaceOrientationPortraitUpsideDown UIInterfaceOrientationLandscapeLeft UIInterfaceOrientationLandscapeRight";
				INFOPLIST_KEY_UISupportedInterfaceOrientations_iPhone = "UIInterfaceOrientationPortrait UIInterfaceOrientationLandscapeLeft UIInterfaceOrientationLandscapeRight";
				LD_RUNPATH_SEARCH_PATHS = (
					"$(inherited)",
					"@executable_path/Frameworks",
				);
				MARKETING_VERSION = 1.0;
				PRODUCT_BUNDLE_IDENTIFIER = com.DanielCazorro.DragonBall;
				PRODUCT_NAME = "$(TARGET_NAME)";
				SWIFT_EMIT_LOC_STRINGS = YES;
				SWIFT_VERSION = 5.0;
				TARGETED_DEVICE_FAMILY = "1,2";
			};
			name = Debug;
		};
		5DF806122AE8088E001CA7C9 /* Release */ = {
			isa = XCBuildConfiguration;
			buildSettings = {
				ASSETCATALOG_COMPILER_APPICON_NAME = AppIcon;
				ASSETCATALOG_COMPILER_GLOBAL_ACCENT_COLOR_NAME = AccentColor;
				CODE_SIGN_STYLE = Automatic;
				CURRENT_PROJECT_VERSION = 1;
				DEVELOPMENT_TEAM = 9GK3478S4Z;
				GENERATE_INFOPLIST_FILE = YES;
				INFOPLIST_FILE = DragonBall/Info.plist;
				INFOPLIST_KEY_UIApplicationSupportsIndirectInputEvents = YES;
				INFOPLIST_KEY_UILaunchStoryboardName = LaunchScreen;
				INFOPLIST_KEY_UIMainStoryboardFile = Main;
				INFOPLIST_KEY_UISupportedInterfaceOrientations_iPad = "UIInterfaceOrientationPortrait UIInterfaceOrientationPortraitUpsideDown UIInterfaceOrientationLandscapeLeft UIInterfaceOrientationLandscapeRight";
				INFOPLIST_KEY_UISupportedInterfaceOrientations_iPhone = "UIInterfaceOrientationPortrait UIInterfaceOrientationLandscapeLeft UIInterfaceOrientationLandscapeRight";
				LD_RUNPATH_SEARCH_PATHS = (
					"$(inherited)",
					"@executable_path/Frameworks",
				);
				MARKETING_VERSION = 1.0;
				PRODUCT_BUNDLE_IDENTIFIER = com.DanielCazorro.DragonBall;
				PRODUCT_NAME = "$(TARGET_NAME)";
				SWIFT_EMIT_LOC_STRINGS = YES;
				SWIFT_VERSION = 5.0;
				TARGETED_DEVICE_FAMILY = "1,2";
			};
			name = Release;
		};
		5DF806142AE8088E001CA7C9 /* Debug */ = {
			isa = XCBuildConfiguration;
			buildSettings = {
				ALWAYS_EMBED_SWIFT_STANDARD_LIBRARIES = YES;
				BUNDLE_LOADER = "$(TEST_HOST)";
				CODE_SIGN_STYLE = Automatic;
				CURRENT_PROJECT_VERSION = 1;
				DEVELOPMENT_TEAM = 9GK3478S4Z;
				GENERATE_INFOPLIST_FILE = YES;
				IPHONEOS_DEPLOYMENT_TARGET = 17.0;
				MARKETING_VERSION = 1.0;
				PRODUCT_BUNDLE_IDENTIFIER = com.DanielCazorro.DragonBallTests;
				PRODUCT_NAME = "$(TARGET_NAME)";
				SWIFT_EMIT_LOC_STRINGS = NO;
				SWIFT_VERSION = 5.0;
				TARGETED_DEVICE_FAMILY = "1,2";
				TEST_HOST = "$(BUILT_PRODUCTS_DIR)/DragonBall.app/$(BUNDLE_EXECUTABLE_FOLDER_PATH)/DragonBall";
			};
			name = Debug;
		};
		5DF806152AE8088E001CA7C9 /* Release */ = {
			isa = XCBuildConfiguration;
			buildSettings = {
				ALWAYS_EMBED_SWIFT_STANDARD_LIBRARIES = YES;
				BUNDLE_LOADER = "$(TEST_HOST)";
				CODE_SIGN_STYLE = Automatic;
				CURRENT_PROJECT_VERSION = 1;
				DEVELOPMENT_TEAM = 9GK3478S4Z;
				GENERATE_INFOPLIST_FILE = YES;
				IPHONEOS_DEPLOYMENT_TARGET = 17.0;
				MARKETING_VERSION = 1.0;
				PRODUCT_BUNDLE_IDENTIFIER = com.DanielCazorro.DragonBallTests;
				PRODUCT_NAME = "$(TARGET_NAME)";
				SWIFT_EMIT_LOC_STRINGS = NO;
				SWIFT_VERSION = 5.0;
				TARGETED_DEVICE_FAMILY = "1,2";
				TEST_HOST = "$(BUILT_PRODUCTS_DIR)/DragonBall.app/$(BUNDLE_EXECUTABLE_FOLDER_PATH)/DragonBall";
			};
			name = Release;
		};
		5DF806172AE8088E001CA7C9 /* Debug */ = {
			isa = XCBuildConfiguration;
			buildSettings = {
				ALWAYS_EMBED_SWIFT_STANDARD_LIBRARIES = YES;
				CODE_SIGN_STYLE = Automatic;
				CURRENT_PROJECT_VERSION = 1;
				DEVELOPMENT_TEAM = 9GK3478S4Z;
				GENERATE_INFOPLIST_FILE = YES;
				MARKETING_VERSION = 1.0;
				PRODUCT_BUNDLE_IDENTIFIER = com.DanielCazorro.DragonBallUITests;
				PRODUCT_NAME = "$(TARGET_NAME)";
				SWIFT_EMIT_LOC_STRINGS = NO;
				SWIFT_VERSION = 5.0;
				TARGETED_DEVICE_FAMILY = "1,2";
				TEST_TARGET_NAME = DragonBall;
			};
			name = Debug;
		};
		5DF806182AE8088E001CA7C9 /* Release */ = {
			isa = XCBuildConfiguration;
			buildSettings = {
				ALWAYS_EMBED_SWIFT_STANDARD_LIBRARIES = YES;
				CODE_SIGN_STYLE = Automatic;
				CURRENT_PROJECT_VERSION = 1;
				DEVELOPMENT_TEAM = 9GK3478S4Z;
				GENERATE_INFOPLIST_FILE = YES;
				MARKETING_VERSION = 1.0;
				PRODUCT_BUNDLE_IDENTIFIER = com.DanielCazorro.DragonBallUITests;
				PRODUCT_NAME = "$(TARGET_NAME)";
				SWIFT_EMIT_LOC_STRINGS = NO;
				SWIFT_VERSION = 5.0;
				TARGETED_DEVICE_FAMILY = "1,2";
				TEST_TARGET_NAME = DragonBall;
			};
			name = Release;
		};
/* End XCBuildConfiguration section */

/* Begin XCConfigurationList section */
		5DF805DE2AE8088B001CA7C9 /* Build configuration list for PBXProject "DragonBall" */ = {
			isa = XCConfigurationList;
			buildConfigurations = (
				5DF8060E2AE8088E001CA7C9 /* Debug */,
				5DF8060F2AE8088E001CA7C9 /* Release */,
			);
			defaultConfigurationIsVisible = 0;
			defaultConfigurationName = Release;
		};
		5DF806102AE8088E001CA7C9 /* Build configuration list for PBXNativeTarget "DragonBall" */ = {
			isa = XCConfigurationList;
			buildConfigurations = (
				5DF806112AE8088E001CA7C9 /* Debug */,
				5DF806122AE8088E001CA7C9 /* Release */,
			);
			defaultConfigurationIsVisible = 0;
			defaultConfigurationName = Release;
		};
		5DF806132AE8088E001CA7C9 /* Build configuration list for PBXNativeTarget "DragonBallTests" */ = {
			isa = XCConfigurationList;
			buildConfigurations = (
				5DF806142AE8088E001CA7C9 /* Debug */,
				5DF806152AE8088E001CA7C9 /* Release */,
			);
			defaultConfigurationIsVisible = 0;
			defaultConfigurationName = Release;
		};
		5DF806162AE8088E001CA7C9 /* Build configuration list for PBXNativeTarget "DragonBallUITests" */ = {
			isa = XCConfigurationList;
			buildConfigurations = (
				5DF806172AE8088E001CA7C9 /* Debug */,
				5DF806182AE8088E001CA7C9 /* Release */,
			);
			defaultConfigurationIsVisible = 0;
			defaultConfigurationName = Release;
		};
/* End XCConfigurationList section */

/* Begin XCRemoteSwiftPackageReference section */
		5D713EAB2AE8FCCC00B9E9B8 /* XCRemoteSwiftPackageReference "keychain-swift" */ = {
			isa = XCRemoteSwiftPackageReference;
			repositoryURL = "https://github.com/evgenyneu/keychain-swift.git";
			requirement = {
				kind = upToNextMajorVersion;
				minimumVersion = 20.0.0;
			};
		};
/* End XCRemoteSwiftPackageReference section */

/* Begin XCSwiftPackageProductDependency section */
		5D713EAC2AE8FCCC00B9E9B8 /* KeychainSwift */ = {
			isa = XCSwiftPackageProductDependency;
			package = 5D713EAB2AE8FCCC00B9E9B8 /* XCRemoteSwiftPackageReference "keychain-swift" */;
			productName = KeychainSwift;
		};
/* End XCSwiftPackageProductDependency section */

/* Begin XCVersionGroup section */
		5DF805EF2AE8088B001CA7C9 /* DragonBall.xcdatamodeld */ = {
			isa = XCVersionGroup;
			children = (
				5DF805F02AE8088B001CA7C9 /* DragonBall.xcdatamodel */,
			);
			currentVersion = 5DF805F02AE8088B001CA7C9 /* DragonBall.xcdatamodel */;
			path = DragonBall.xcdatamodeld;
			sourceTree = "<group>";
			versionGroupType = wrapper.xcdatamodel;
		};
/* End XCVersionGroup section */
	};
	rootObject = 5DF805DB2AE8088B001CA7C9 /* Project object */;
}
